
Microsoft Visual Studio Solution File, Format Version 12.00
# Visual Studio Version 17
VisualStudioVersion = 17.8.34408.163
MinimumVisualStudioVersion = 10.0.40219.1
Project("{FAE04EC0-301F-11D3-BF4B-00C04F79EFBC}") = "User Manager", "User Manager\User Manager.csproj", "{956F121C-6D67-4C54-AAEE-7F32861AE305}"
EndProject
Global
	GlobalSection(SolutionConfigurationPlatforms) = preSolution
		Debug|Any CPU = Debug|Any CPU
		Release|Any CPU = Release|Any CPU
	EndGlobalSection
	GlobalSection(ProjectConfigurationPlatforms) = postSolution
		{956F121C-6D67-4C54-AAEE-7F32861AE305}.Debug|Any CPU.ActiveCfg = Debug|Any CPU
		{956F121C-6D67-4C54-AAEE-7F32861AE305}.Debug|Any CPU.Build.0 = Debug|Any CPU
		{956F121C-6D67-4C54-AAEE-7F32861AE305}.Release|Any CPU.ActiveCfg = Release|Any CPU
		{956F121C-6D67-4C54-AAEE-7F32861AE305}.Release|Any CPU.Build.0 = Release|Any CPU
	EndGlobalSection
	GlobalSection(SolutionProperties) = preSolution
		HideSolutionNode = FALSE
	EndGlobalSection
	GlobalSection(ExtensibilityGlobals) = postSolution
		SolutionGuid = {01F7A379-B05C-4958-83FD-89AAA145D293}
	EndGlobalSection
EndGlobal
